
Microsoft Visual Studio Solution File, Format Version 12.00
# Visual Studio 15
VisualStudioVersion = 15.0.27130.2026
MinimumVisualStudioVersion = 10.0.40219.1
Project("{FAE04EC0-301F-11D3-BF4B-00C04F79EFBC}") = "USD to BGN", "USD to BGN\USD to BGN.csproj", "{1F3AC93D-1450-4F5B-B103-E2B41464FCAC}"
EndProject
Global
	GlobalSection(SolutionConfigurationPlatforms) = preSolution
		Debug|Any CPU = Debug|Any CPU
		Release|Any CPU = Release|Any CPU
	EndGlobalSection
	GlobalSection(ProjectConfigurationPlatforms) = postSolution
		{1F3AC93D-1450-4F5B-B103-E2B41464FCAC}.Debug|Any CPU.ActiveCfg = Debug|Any CPU
		{1F3AC93D-1450-4F5B-B103-E2B41464FCAC}.Debug|Any CPU.Build.0 = Debug|Any CPU
		{1F3AC93D-1450-4F5B-B103-E2B41464FCAC}.Release|Any CPU.ActiveCfg = Release|Any CPU
		{1F3AC93D-1450-4F5B-B103-E2B41464FCAC}.Release|Any CPU.Build.0 = Release|Any CPU
	EndGlobalSection
	GlobalSection(SolutionProperties) = preSolution
		HideSolutionNode = FALSE
	EndGlobalSection
	GlobalSection(ExtensibilityGlobals) = postSolution
		SolutionGuid = {89DA0EC1-4760-4E1E-B29B-90454E666AEA}
	EndGlobalSection
EndGlobal
