
Microsoft Visual Studio Solution File, Format Version 12.00
# Visual Studio 15
VisualStudioVersion = 15.0.27130.2026
MinimumVisualStudioVersion = 10.0.40219.1
Project("{FAE04EC0-301F-11D3-BF4B-00C04F79EFBC}") = "Celsius to Fahrenheit", "Celsius to Fahrenheit\Celsius to Fahrenheit.csproj", "{48D876DF-C2FC-4EB7-9929-300C61CCA5CC}"
EndProject
Global
	GlobalSection(SolutionConfigurationPlatforms) = preSolution
		Debug|Any CPU = Debug|Any CPU
		Release|Any CPU = Release|Any CPU
	EndGlobalSection
	GlobalSection(ProjectConfigurationPlatforms) = postSolution
		{48D876DF-C2FC-4EB7-9929-300C61CCA5CC}.Debug|Any CPU.ActiveCfg = Debug|Any CPU
		{48D876DF-C2FC-4EB7-9929-300C61CCA5CC}.Debug|Any CPU.Build.0 = Debug|Any CPU
		{48D876DF-C2FC-4EB7-9929-300C61CCA5CC}.Release|Any CPU.ActiveCfg = Release|Any CPU
		{48D876DF-C2FC-4EB7-9929-300C61CCA5CC}.Release|Any CPU.Build.0 = Release|Any CPU
	EndGlobalSection
	GlobalSection(SolutionProperties) = preSolution
		HideSolutionNode = FALSE
	EndGlobalSection
	GlobalSection(ExtensibilityGlobals) = postSolution
		SolutionGuid = {0A57F99D-B7F6-4BA1-AD7C-6D4ECCDD03A7}
	EndGlobalSection
EndGlobal
